
Microsoft Visual Studio Solution File, Format Version 12.00
# Visual Studio Version 17
VisualStudioVersion = 17.7.34202.233
MinimumVisualStudioVersion = 10.0.40219.1
Project("{FAE04EC0-301F-11D3-BF4B-00C04F79EFBC}") = "notepadhehe", "notepadhehe\notepadhehe.csproj", "{35C84E73-D945-428F-8B8F-03D04411C228}"
EndProject
Global
	GlobalSection(SolutionConfigurationPlatforms) = preSolution
		Debug|Any CPU = Debug|Any CPU
		Release|Any CPU = Release|Any CPU
	EndGlobalSection
	GlobalSection(ProjectConfigurationPlatforms) = postSolution
		{35C84E73-D945-428F-8B8F-03D04411C228}.Debug|Any CPU.ActiveCfg = Debug|Any CPU
		{35C84E73-D945-428F-8B8F-03D04411C228}.Debug|Any CPU.Build.0 = Debug|Any CPU
		{35C84E73-D945-428F-8B8F-03D04411C228}.Release|Any CPU.ActiveCfg = Release|Any CPU
		{35C84E73-D945-428F-8B8F-03D04411C228}.Release|Any CPU.Build.0 = Release|Any CPU
	EndGlobalSection
	GlobalSection(SolutionProperties) = preSolution
		HideSolutionNode = FALSE
	EndGlobalSection
	GlobalSection(ExtensibilityGlobals) = postSolution
		SolutionGuid = {94CB68B8-ED31-435F-9812-973EB1E1E5FF}
	EndGlobalSection
EndGlobal
